
Microsoft Visual Studio Solution File, Format Version 12.00
# Visual Studio Version 16
VisualStudioVersion = 16.0.33801.447
MinimumVisualStudioVersion = 10.0.40219.1
Project("{FAE04EC0-301F-11D3-BF4B-00C04F79EFBC}") = "TireHubExpress", "TireHubExpress\TireHubExpress.csproj", "{73994EB1-1857-46F8-B601-31FEDB286D64}"
EndProject
Global
	GlobalSection(SolutionConfigurationPlatforms) = preSolution
		Debug|Any CPU = Debug|Any CPU
		Release|Any CPU = Release|Any CPU
	EndGlobalSection
	GlobalSection(ProjectConfigurationPlatforms) = postSolution
		{73994EB1-1857-46F8-B601-31FEDB286D64}.Debug|Any CPU.ActiveCfg = Debug|Any CPU
		{73994EB1-1857-46F8-B601-31FEDB286D64}.Debug|Any CPU.Build.0 = Debug|Any CPU
		{73994EB1-1857-46F8-B601-31FEDB286D64}.Release|Any CPU.ActiveCfg = Release|Any CPU
		{73994EB1-1857-46F8-B601-31FEDB286D64}.Release|Any CPU.Build.0 = Release|Any CPU
	EndGlobalSection
	GlobalSection(SolutionProperties) = preSolution
		HideSolutionNode = FALSE
	EndGlobalSection
	GlobalSection(ExtensibilityGlobals) = postSolution
		SolutionGuid = {0EC4AF5E-508C-431F-B9D8-9AA52A2199E1}
	EndGlobalSection
EndGlobal
